lockfileVersion: '9.0'

settings:
  autoInstallPeers: true
  excludeLinksFromLockfile: false

importers:
  .:
    dependencies:
      '@capacitor/android':
        specifier: ^5.7.0
        version: 5.7.0
      '@capacitor/core':
        specifier: ^5.7.0
        version: 5.7.0
      crypto-js:
        specifier: ^4.2.0
        version: 4.2.0
      echarts:
        specifier: ^5.4.3
        version: 5.4.3
      element-plus:
        specifier: ^2.7.6
        version: 2.7.6
      pinia:
        specifier: ^2.1.7
        version: 2.1.7
      sql.js:
        specifier: ^1.10.3
        version: 1.10.3
      vue:
        specifier: ^3.4.29
        version: 3.4.29
    devDependencies:
      '@capacitor/cli':
        specifier: ^5.7.0
        version: 5.7.0
      '@vitejs/plugin-vue':
        specifier: ^5.0.5
        version: 5.0.5
      concurrently:
        specifier: ^8.2.2
        version: 8.2.2
      electron:
        specifier: ^29.3.1
        version: 29.3.1
      electron-builder:
        specifier: ^24.13.3
        version: 24.13.3
      typescript:
        specifier: ^5.2.2
        version: 5.2.2
      vite:
        specifier: ^5.3.1
        version: 5.3.1
      vue-tsc:
        specifier: ^2.0.6
        version: 2.0.6
